// !$*UTF8*$!
{
	archiveVersion = 1;
	classes = {
	};
	objectVersion = 46;
	objects = {

/* Begin PBXBuildFile section */
		24E7CEE11B55123D001E0CD7 /* main.m in Sources */ = {isa = PBXBuildFile; fileRef = 24E7CEE01B55123D001E0CD7 /* main.m */; };
		24E7CEE41B55123D001E0CD7 /* AppDelegate.m in Sources */ = {isa = PBXBuildFile; fileRef = 24E7CEE31B55123D001E0CD7 /* AppDelegate.m */; };
		24E7CEE71B55123D001E0CD7 /* ViewController.m in Sources */ = {isa = PBXBuildFile; fileRef = 24E7CEE61B55123D001E0CD7 /* ViewController.m */; };
		24E7CEEA1B55123D001E0CD7 /* Main.storyboard in Resources */ = {isa = PBXBuildFile; fileRef = 24E7CEE81B55123D001E0CD7 /* Main.storyboard */; };
		24E7CEEC1B55123D001E0CD7 /* Images.xcassets in Resources */ = {isa = PBXBuildFile; fileRef = 24E7CEEB1B55123D001E0CD7 /* Images.xcassets */; };
		24E7CEEF1B55123D001E0CD7 /* LaunchScreen.xib in Resources */ = {isa = PBXBuildFile; fileRef = 24E7CEED1B55123D001E0CD7 /* LaunchScreen.xib */; };
		24E7CEFB1B55123D001E0CD7 /* ___Tests.m in Sources */ = {isa = PBXBuildFile; fileRef = 24E7CEFA1B55123D001E0CD7 /* ___Tests.m */; };
/* End PBXBuildFile section */

/* Begin PBXContainerItemProxy section */
		24E7CEF51B55123D001E0CD7 /* PBXContainerItemProxy */ = {
			isa = PBXContainerItemProxy;
			containerPortal = 24E7CED31B55123D001E0CD7 /* Project object */;
			proxyType = 1;
			remoteGlobalIDString = 24E7CEDA1B55123D001E0CD7;
			remoteInfo = "二维码";
		};
/* End PBXContainerItemProxy section */

/* Begin PBXFileReference section */
		24E7CEDB1B55123D001E0CD7 /* 二维码.app */ = {isa = PBXFileReference; explicitFileType = wrapper.application; includeInIndex = 0; path = "二维码.app"; sourceTree = BUILT_PRODUCTS_DIR; };
		24E7CEDF1B55123D001E0CD7 /* Info.plist */ = {isa = PBXFileReference; lastKnownFileType = text.plist.xml; path = Info.plist; sourceTree = "<group>"; };
		24E7CEE01B55123D001E0CD7 /* main.m */ = {isa = PBXFileReference; lastKnownFileType = sourcecode.c.objc; path = main.m; sourceTree = "<group>"; };
		24E7CEE21B55123D001E0CD7 /* AppDelegate.h */ = {isa = PBXFileReference; lastKnownFileType = sourcecode.c.h; path = AppDelegate.h; sourceTree = "<group>"; };
		24E7CEE31B55123D001E0CD7 /* AppDelegate.m */ = {isa = PBXFileReference; lastKnownFileType = sourcecode.c.objc; path = AppDelegate.m; sourceTree = "<group>"; };
		24E7CEE51B55123D001E0CD7 /* ViewController.h */ = {isa = PBXFileReference; lastKnownFileType = sourcecode.c.h; path = ViewController.h; sourceTree = "<group>"; };
		24E7CEE61B55123D001E0CD7 /* ViewController.m */ = {isa = PBXFileReference; lastKnownFileType = sourcecode.c.objc; path = ViewController.m; sourceTree = "<group>"; };
		24E7CEE91B55123D001E0CD7 /* Base */ = {isa = PBXFileReference; lastKnownFileType = file.storyboard; name = Base; path = Base.lproj/Main.storyboard; sourceTree = "<group>"; };
		24E7CEEB1B55123D001E0CD7 /* Images.xcassets */ = {isa = PBXFileReference; lastKnownFileType = folder.assetcatalog; path = Images.xcassets; sourceTree = "<group>"; };
		24E7CEEE1B55123D001E0CD7 /* Base */ = {isa = PBXFileReference; lastKnownFileType = file.xib; name = Base; path = Base.lproj/LaunchScreen.xib; sourceTree = "<group>"; };
		24E7CEF41B55123D001E0CD7 /* 二维码Tests.xctest */ = {isa = PBXFileReference; explicitFileType = wrapper.cfbundle; includeInIndex = 0; path = "二维码Tests.xctest"; sourceTree = BUILT_PRODUCTS_DIR; };
		24E7CEF91B55123D001E0CD7 /* Info.plist */ = {isa = PBXFileReference; lastKnownFileType = text.plist.xml; path = Info.plist; sourceTree = "<group>"; };
		24E7CEFA1B55123D001E0CD7 /* ___Tests.m */ = {isa = PBXFileReference; lastKnownFileType = sourcecode.c.objc; path = "___Tests.m"; sourceTree = "<group>"; };
/* End PBXFileReference section */

/* Begin PBXFrameworksBuildPhase section */
		24E7CED81B55123D001E0CD7 /* Frameworks */ = {
			isa = PBXFrameworksBuildPhase;
			buildActionMask = 2147483647;
			files = (
			);
			runOnlyForDeploymentPostprocessing = 0;
		};
		24E7CEF11B55123D001E0CD7 /* Frameworks */ = {
			isa = PBXFrameworksBuildPhase;
			buildActionMask = 2147483647;
			files = (
			);
			runOnlyForDeploymentPostprocessing = 0;
		};
/* End PBXFrameworksBuildPhase section */

/* Begin PBXGroup section */
		24E7CED21B55123D001E0CD7 = {
			isa = PBXGroup;
			children = (
				24E7CEDD1B55123D001E0CD7 /* 二维码 */,
				24E7CEF71B55123D001E0CD7 /* 二维码Tests */,
				24E7CEDC1B55123D001E0CD7 /* Products */,
			);
			sourceTree = "<group>";
		};
		24E7CEDC1B55123D001E0CD7 /* Products */ = {
			isa = PBXGroup;
			children = (
				24E7CEDB1B55123D001E0CD7 /* 二维码.app */,
				24E7CEF41B55123D001E0CD7 /* 二维码Tests.xctest */,
			);
			name = Products;
			sourceTree = "<group>";
		};
		24E7CEDD1B55123D001E0CD7 /* 二维码 */ = {
			isa = PBXGroup;
			children = (
				24E7CEE21B55123D001E0CD7 /* AppDelegate.h */,
				24E7CEE31B55123D001E0CD7 /* AppDelegate.m */,
				24E7CEE51B55123D001E0CD7 /* ViewController.h */,
				24E7CEE61B55123D001E0CD7 /* ViewController.m */,
				24E7CEE81B55123D001E0CD7 /* Main.storyboard */,
				24E7CEEB1B55123D001E0CD7 /* Images.xcassets */,
				24E7CEED1B55123D001E0CD7 /* LaunchScreen.xib */,
				24E7CEDE1B55123D001E0CD7 /* Supporting Files */,
			);
			path = "二维码";
			sourceTree = "<group>";
		};
		24E7CEDE1B55123D001E0CD7 /* Supporting Files */ = {
			isa = PBXGroup;
			children = (
				24E7CEDF1B55123D001E0CD7 /* Info.plist */,
				24E7CEE01B55123D001E0CD7 /* main.m */,
			);
			name = "Supporting Files";
			sourceTree = "<group>";
		};
		24E7CEF71B55123D001E0CD7 /* 二维码Tests */ = {
			isa = PBXGroup;
			children = (
				24E7CEFA1B55123D001E0CD7 /* ___Tests.m */,
				24E7CEF81B55123D001E0CD7 /* Supporting Files */,
			);
			path = "二维码Tests";
			sourceTree = "<group>";
		};
		24E7CEF81B55123D001E0CD7 /* Supporting Files */ = {
			isa = PBXGroup;
			children = (
				24E7CEF91B55123D001E0CD7 /* Info.plist */,
			);
			name = "Supporting Files";
			sourceTree = "<group>";
		};
/* End PBXGroup section */

/* Begin PBXNativeTarget section */
		24E7CEDA1B55123D001E0CD7 /* 二维码 */ = {
			isa = PBXNativeTarget;
			buildConfigurationList = 24E7CEFE1B55123D001E0CD7 /* Build configuration list for PBXNativeTarget "二维码" */;
			buildPhases = (
				24E7CED71B55123D001E0CD7 /* Sources */,
				24E7CED81B55123D001E0CD7 /* Frameworks */,
				24E7CED91B55123D001E0CD7 /* Resources */,
			);
			buildRules = (
			);
			dependencies = (
			);
			name = "二维码";
			productName = "二维码";
			productReference = 24E7CEDB1B55123D001E0CD7 /* 二维码.app */;
			productType = "com.apple.product-type.application";
		};
		24E7CEF31B55123D001E0CD7 /* 二维码Tests */ = {
			isa = PBXNativeTarget;
			buildConfigurationList = 24E7CF011B55123D001E0CD7 /* Build configuration list for PBXNativeTarget "二维码Tests" */;
			buildPhases = (
				24E7CEF01B55123D001E0CD7 /* Sources */,
				24E7CEF11B55123D001E0CD7 /* Frameworks */,
				24E7CEF21B55123D001E0CD7 /* Resources */,
			);
			buildRules = (
			);
			dependencies = (
				24E7CEF61B55123D001E0CD7 /* PBXTargetDependency */,
			);
			name = "二维码Tests";
			productName = "二维码Tests";
			productReference = 24E7CEF41B55123D001E0CD7 /* 二维码Tests.xctest */;
			productType = "com.apple.product-type.bundle.unit-test";
		};
/* End PBXNativeTarget section */

/* Begin PBXProject section */
		24E7CED31B55123D001E0CD7 /* Project object */ = {
			isa = PBXProject;
			attributes = {
				LastUpgradeCheck = 0630;
				ORGANIZATIONNAME = DXY;
				TargetAttributes = {
					24E7CEDA1B55123D001E0CD7 = {
						CreatedOnToolsVersion = 6.3;
					};
					24E7CEF31B55123D001E0CD7 = {
						CreatedOnToolsVersion = 6.3;
						TestTargetID = 24E7CEDA1B55123D001E0CD7;
					};
				};
			};
			buildConfigurationList = 24E7CED61B55123D001E0CD7 /* Build configuration list for PBXProject "二维码" */;
			compatibilityVersion = "Xcode 3.2";
			developmentRegion = English;
			hasScannedForEncodings = 0;
			knownRegions = (
				en,
				Base,
			);
			mainGroup = 24E7CED21B55123D001E0CD7;
			productRefGroup = 24E7CEDC1B55123D001E0CD7 /* Products */;
			projectDirPath = "";
			projectRoot = "";
			targets = (
				24E7CEDA1B55123D001E0CD7 /* 二维码 */,
				24E7CEF31B55123D001E0CD7 /* 二维码Tests */,
			);
		};
/* End PBXProject section */

/* Begin PBXResourcesBuildPhase section */
		24E7CED91B55123D001E0CD7 /* Resources */ = {
			isa = PBXResourcesBuildPhase;
			buildActionMask = 2147483647;
			files = (
				24E7CEEA1B55123D001E0CD7 /* Main.storyboard in Resources */,
				24E7CEEF1B55123D001E0CD7 /* LaunchScreen.xib in Resources */,
				24E7CEEC1B55123D001E0CD7 /* Images.xcassets in Resources */,
			);
			runOnlyForDeploymentPostprocessing = 0;
		};
		24E7CEF21B55123D001E0CD7 /* Resources */ = {
			isa = PBXResourcesBuildPhase;
			buildActionMask = 2147483647;
			files = (
			);
			runOnlyForDeploymentPostprocessing = 0;
		};
/* End PBXResourcesBuildPhase section */

/* Begin PBXSourcesBuildPhase section */
		24E7CED71B55123D001E0CD7 /* Sources */ = {
			isa = PBXSourcesBuildPhase;
			buildActionMask = 2147483647;
			files = (
				24E7CEE71B55123D001E0CD7 /* ViewController.m in Sources */,
				24E7CEE41B55123D001E0CD7 /* AppDelegate.m in Sources */,
				24E7CEE11B55123D001E0CD7 /* main.m in Sources */,
			);
			runOnlyForDeploymentPostprocessing = 0;
		};
		24E7CEF01B55123D001E0CD7 /* Sources */ = {
			isa = PBXSourcesBuildPhase;
			buildActionMask = 2147483647;
			files = (
				24E7CEFB1B55123D001E0CD7 /* ___Tests.m in Sources */,
			);
			runOnlyForDeploymentPostprocessing = 0;
		};
/* End PBXSourcesBuildPhase section */

/* Begin PBXTargetDependency section */
		24E7CEF61B55123D001E0CD7 /* PBXTargetDependency */ = {
			isa = PBXTargetDependency;
			target = 24E7CEDA1B55123D001E0CD7 /* 二维码 */;
			targetProxy = 24E7CEF51B55123D001E0CD7 /* PBXContainerItemProxy */;
		};
/* End PBXTargetDependency section */

/* Begin PBXVariantGroup section */
		24E7CEE81B55123D001E0CD7 /* Main.storyboard */ = {
			isa = PBXVariantGroup;
			children = (
				24E7CEE91B55123D001E0CD7 /* Base */,
			);
			name = Main.storyboard;
			sourceTree = "<group>";
		};
		24E7CEED1B55123D001E0CD7 /* LaunchScreen.xib */ = {
			isa = PBXVariantGroup;
			children = (
				24E7CEEE1B55123D001E0CD7 /* Base */,
			);
			name = LaunchScreen.xib;
			sourceTree = "<group>";
		};
/* End PBXVariantGroup section */

/* Begin XCBuildConfiguration section */
		24E7CEFC1B55123D001E0CD7 /* Debug */ = {
			isa = XCBuildConfiguration;
			buildSettings = {
				ALWAYS_SEARCH_USER_PATHS = NO;
				CLANG_CXX_LANGUAGE_STANDARD = "gnu++0x";
				CLANG_CXX_LIBRARY = "libc++";
				CLANG_ENABLE_MODULES = YES;
				CLANG_ENABLE_OBJC_ARC = YES;
				CLANG_WARN_BOOL_CONVERSION = YES;
				CLANG_WARN_CONSTANT_CONVERSION = YES;
				CLANG_WARN_DIRECT_OBJC_ISA_USAGE = YES_ERROR;
				CLANG_WARN_EMPTY_BODY = YES;
				CLANG_WARN_ENUM_CONVERSION = YES;
				CLANG_WARN_INT_CONVERSION = YES;
				CLANG_WARN_OBJC_ROOT_CLASS = YES_ERROR;
				CLANG_WARN_UNREACHABLE_CODE = YES;
				CLANG_WARN__DUPLICATE_METHOD_MATCH = YES;
				"CODE_SIGN_IDENTITY[sdk=iphoneos*]" = "iPhone Developer";
				COPY_PHASE_STRIP = NO;
				DEBUG_INFORMATION_FORMAT = "dwarf-with-dsym";
				ENABLE_STRICT_OBJC_MSGSEND = YES;
				GCC_C_LANGUAGE_STANDARD = gnu99;
				GCC_DYNAMIC_NO_PIC = NO;
				GCC_NO_COMMON_BLOCKS = YES;
				GCC_OPTIMIZATION_LEVEL = 0;
				GCC_PREPROCESSOR_DEFINITIONS = (
					"DEBUG=1",
					"$(inherited)",
				);
				GCC_SYMBOLS_PRIVATE_EXTERN = NO;
				GCC_WARN_64_TO_32_BIT_CONVERSION = YES;
				GCC_WARN_ABOUT_RETURN_TYPE = YES_ERROR;
				GCC_WARN_UNDECLARED_SELECTOR = YES;
				GCC_WARN_UNINITIALIZED_AUTOS = YES_AGGRESSIVE;
				GCC_WARN_UNUSED_FUNCTION = YES;
				GCC_WARN_UNUSED_VARIABLE = YES;
				IPHONEOS_DEPLOYMENT_TARGET = 8.3;
				MTL_ENABLE_DEBUG_INFO = YES;
				ONLY_ACTIVE_ARCH = YES;
				SDKROOT = iphoneos;
			};
			name = Debug;
		};
		24E7CEFD1B55123D001E0CD7 /* Release */ = {
			isa = XCBuildConfiguration;
			buildSettings = {
				ALWAYS_SEARCH_USER_PATHS = NO;
				CLANG_CXX_LANGUAGE_STANDARD = "gnu++0x";
				CLANG_CXX_LIBRARY = "libc++";
				CLANG_ENABLE_MODULES = YES;
				CLANG_ENABLE_OBJC_ARC = YES;
				CLANG_WARN_BOOL_CONVERSION = YES;
				CLANG_WARN_CONSTANT_CONVERSION = YES;
				CLANG_WARN_DIRECT_OBJC_ISA_USAGE = YES_ERROR;
				CLANG_WARN_EMPTY_BODY = YES;
				CLANG_WARN_ENUM_CONVERSION = YES;
				CLANG_WARN_INT_CONVERSION = YES;
				CLANG_WARN_OBJC_ROOT_CLASS = YES_ERROR;
				CLANG_WARN_UNREACHABLE_CODE = YES;
				CLANG_WARN__DUPLICATE_METHOD_MATCH = YES;
				"CODE_SIGN_IDENTITY[sdk=iphoneos*]" = "iPhone Developer";
				COPY_PHASE_STRIP = NO;
				DEBUG_INFORMATION_FORMAT = "dwarf-with-dsym";
				ENABLE_NS_ASSERTIONS = NO;
				ENABLE_STRICT_OBJC_MSGSEND = YES;
				GCC_C_LANGUAGE_STANDARD = gnu99;
				GCC_NO_COMMON_BLOCKS = YES;
				GCC_WARN_64_TO_32_BIT_CONVERSION = YES;
				GCC_WARN_ABOUT_RETURN_TYPE = YES_ERROR;
				GCC_WARN_UNDECLARED_SELECTOR = YES;
				GCC_WARN_UNINITIALIZED_AUTOS = YES_AGGRESSIVE;
				GCC_WARN_UNUSED_FUNCTION = YES;
				GCC_WARN_UNUSED_VARIABLE = YES;
				IPHONEOS_DEPLOYMENT_TARGET = 8.3;
				MTL_ENABLE_DEBUG_INFO = NO;
				SDKROOT = iphoneos;
				VALIDATE_PRODUCT = YES;
			};
			name = Release;
		};
		24E7CEFF1B55123D001E0CD7 /* Debug */ = {
			isa = XCBuildConfiguration;
			buildSettings = {
				ASSETCATALOG_COMPILER_APPICON_NAME = AppIcon;
				INFOPLIST_FILE = "二维码/Info.plist";
				LD_RUNPATH_SEARCH_PATHS = "$(inherited) @executable_path/Frameworks";
				PRODUCT_NAME = "$(TARGET_NAME)";
			};
			name = Debug;
		};
		24E7CF001B55123D001E0CD7 /* Release */ = {
			isa = XCBuildConfiguration;
			buildSettings = {
				ASSETCATALOG_COMPILER_APPICON_NAME = AppIcon;
				INFOPLIST_FILE = "二维码/Info.plist";
				LD_RUNPATH_SEARCH_PATHS = "$(inherited) @executable_path/Frameworks";
				PRODUCT_NAME = "$(TARGET_NAME)";
			};
			name = Release;
		};
		24E7CF021B55123D001E0CD7 /* Debug */ = {
			isa = XCBuildConfiguration;
			buildSettings = {
				BUNDLE_LOADER = "$(TEST_HOST)";
				FRAMEWORK_SEARCH_PATHS = (
					"$(SDKROOT)/Developer/Library/Frameworks",
					"$(inherited)",
				);
				GCC_PREPROCESSOR_DEFINITIONS = (
					"DEBUG=1",
					"$(inherited)",
				);
				INFOPLIST_FILE = "二维码Tests/Info.plist";
				LD_RUNPATH_SEARCH_PATHS = "$(inherited) @executable_path/Frameworks @loader_path/Frameworks";
				PRODUCT_NAME = "$(TARGET_NAME)";
				TEST_HOST = "$(BUILT_PRODUCTS_DIR)/二维码.app/二维码";
			};
			name = Debug;
		};
		24E7CF031B55123D001E0CD7 /* Release */ = {
			isa = XCBuildConfiguration;
			buildSettings = {
				BUNDLE_LOADER = "$(TEST_HOST)";
				FRAMEWORK_SEARCH_PATHS = (
					"$(SDKROOT)/Developer/Library/Frameworks",
					"$(inherited)",
				);
				INFOPLIST_FILE = "二维码Tests/Info.plist";
				LD_RUNPATH_SEARCH_PATHS = "$(inherited) @executable_path/Frameworks @loader_path/Frameworks";
				PRODUCT_NAME = "$(TARGET_NAME)";
				TEST_HOST = "$(BUILT_PRODUCTS_DIR)/二维码.app/二维码";
			};
			name = Release;
		};
/* End XCBuildConfiguration section */

/* Begin XCConfigurationList section */
		24E7CED61B55123D001E0CD7 /* Build configuration list for PBXProject "二维码" */ = {
			isa = XCConfigurationList;
			buildConfigurations = (
				24E7CEFC1B55123D001E0CD7 /* Debug */,
				24E7CEFD1B55123D001E0CD7 /* Release */,
			);
			defaultConfigurationIsVisible = 0;
			defaultConfigurationName = Release;
		};
		24E7CEFE1B55123D001E0CD7 /* Build configuration list for PBXNativeTarget "二维码" */ = {
			isa = XCConfigurationList;
			buildConfigurations = (
				24E7CEFF1B55123D001E0CD7 /* Debug */,
				24E7CF001B55123D001E0CD7 /* Release */,
			);
			defaultConfigurationIsVisible = 0;
		};
		24E7CF011B55123D001E0CD7 /* Build configuration list for PBXNativeTarget "二维码Tests" */ = {
			isa = XCConfigurationList;
			buildConfigurations = (
				24E7CF021B55123D001E0CD7 /* Debug */,
				24E7CF031B55123D001E0CD7 /* Release */,
			);
			defaultConfigurationIsVisible = 0;
		};
/* End XCConfigurationList section */
	};
	rootObject = 24E7CED31B55123D001E0CD7 /* Project object */;
}
